
Microsoft Visual Studio Solution File, Format Version 12.00
# Visual Studio 15
VisualStudioVersion = 15.0.27428.2002
MinimumVisualStudioVersion = 10.0.40219.1
Project("{FAE04EC0-301F-11D3-BF4B-00C04F79EFBC}") = "synthetic-data-generator", "synthetic-data-generator\synthetic-data-generator.csproj", "{7F1C9021-A317-488C-AA0E-12538B6AACB6}"
EndProject
Global
	GlobalSection(SolutionConfigurationPlatforms) = preSolution
		Debug|Any CPU = Debug|Any CPU
		Release|Any CPU = Release|Any CPU
	EndGlobalSection
	GlobalSection(ProjectConfigurationPlatforms) = postSolution
		{7F1C9021-A317-488C-AA0E-12538B6AACB6}.Debug|Any CPU.ActiveCfg = Debug|Any CPU
		{7F1C9021-A317-488C-AA0E-12538B6AACB6}.Debug|Any CPU.Build.0 = Debug|Any CPU
		{7F1C9021-A317-488C-AA0E-12538B6AACB6}.Release|Any CPU.ActiveCfg = Release|Any CPU
		{7F1C9021-A317-488C-AA0E-12538B6AACB6}.Release|Any CPU.Build.0 = Release|Any CPU
	EndGlobalSection
	GlobalSection(SolutionProperties) = preSolution
		HideSolutionNode = FALSE
	EndGlobalSection
	GlobalSection(ExtensibilityGlobals) = postSolution
		SolutionGuid = {66E66A8A-6534-44A5-93E9-DDE1C0008544}
	EndGlobalSection
EndGlobal
